
Microsoft Visual Studio Solution File, Format Version 12.00
# Visual Studio Version 17
VisualStudioVersion = 17.8.34330.188
MinimumVisualStudioVersion = 10.0.40219.1
Project("{FAE04EC0-301F-11D3-BF4B-00C04F79EFBC}") = "Products za ocenka", "Products za ocenka.csproj", "{8A4611B1-E30E-45CF-B391-C73F86947FD0}"
EndProject
Global
	GlobalSection(SolutionConfigurationPlatforms) = preSolution
		Debug|Any CPU = Debug|Any CPU
		Release|Any CPU = Release|Any CPU
	EndGlobalSection
	GlobalSection(ProjectConfigurationPlatforms) = postSolution
		{8A4611B1-E30E-45CF-B391-C73F86947FD0}.Debug|Any CPU.ActiveCfg = Debug|Any CPU
		{8A4611B1-E30E-45CF-B391-C73F86947FD0}.Debug|Any CPU.Build.0 = Debug|Any CPU
		{8A4611B1-E30E-45CF-B391-C73F86947FD0}.Release|Any CPU.ActiveCfg = Release|Any CPU
		{8A4611B1-E30E-45CF-B391-C73F86947FD0}.Release|Any CPU.Build.0 = Release|Any CPU
	EndGlobalSection
	GlobalSection(SolutionProperties) = preSolution
		HideSolutionNode = FALSE
	EndGlobalSection
	GlobalSection(ExtensibilityGlobals) = postSolution
		SolutionGuid = {23534870-B4D7-431A-9B34-39744322B51D}
	EndGlobalSection
EndGlobal
